
Microsoft Visual Studio Solution File, Format Version 12.00
# Visual Studio Version 16
VisualStudioVersion = 16.0.29326.143
MinimumVisualStudioVersion = 10.0.40219.1
Project("{FAE04EC0-301F-11D3-BF4B-00C04F79EFBC}") = "AnagramChecker", "AnagramChecker\AnagramChecker.csproj", "{756E3A52-1547-4BDF-ABC8-0B86D47FE9DB}"
EndProject
Project("{FAE04EC0-301F-11D3-BF4B-00C04F79EFBC}") = "AnagramCheckerConsole", "AnagramCheckerConsole\AnagramCheckerConsole.csproj", "{165A2ACB-E4B8-4FB8-A7EF-3F66051D0338}"
EndProject
Project("{FAE04EC0-301F-11D3-BF4B-00C04F79EFBC}") = "AnagramCheckerWeb", "AnagramCheckerWeg\AnagramCheckerWeb.csproj", "{0B2DCFE8-9106-4BE8-A31E-54E4F59DA115}"
EndProject
Global
	GlobalSection(SolutionConfigurationPlatforms) = preSolution
		Debug|Any CPU = Debug|Any CPU
		Release|Any CPU = Release|Any CPU
	EndGlobalSection
	GlobalSection(ProjectConfigurationPlatforms) = postSolution
		{756E3A52-1547-4BDF-ABC8-0B86D47FE9DB}.Debug|Any CPU.ActiveCfg = Debug|Any CPU
		{756E3A52-1547-4BDF-ABC8-0B86D47FE9DB}.Debug|Any CPU.Build.0 = Debug|Any CPU
		{756E3A52-1547-4BDF-ABC8-0B86D47FE9DB}.Release|Any CPU.ActiveCfg = Release|Any CPU
		{756E3A52-1547-4BDF-ABC8-0B86D47FE9DB}.Release|Any CPU.Build.0 = Release|Any CPU
		{165A2ACB-E4B8-4FB8-A7EF-3F66051D0338}.Debug|Any CPU.ActiveCfg = Debug|Any CPU
		{165A2ACB-E4B8-4FB8-A7EF-3F66051D0338}.Debug|Any CPU.Build.0 = Debug|Any CPU
		{165A2ACB-E4B8-4FB8-A7EF-3F66051D0338}.Release|Any CPU.ActiveCfg = Release|Any CPU
		{165A2ACB-E4B8-4FB8-A7EF-3F66051D0338}.Release|Any CPU.Build.0 = Release|Any CPU
		{0B2DCFE8-9106-4BE8-A31E-54E4F59DA115}.Debug|Any CPU.ActiveCfg = Debug|Any CPU
		{0B2DCFE8-9106-4BE8-A31E-54E4F59DA115}.Debug|Any CPU.Build.0 = Debug|Any CPU
		{0B2DCFE8-9106-4BE8-A31E-54E4F59DA115}.Release|Any CPU.ActiveCfg = Release|Any CPU
		{0B2DCFE8-9106-4BE8-A31E-54E4F59DA115}.Release|Any CPU.Build.0 = Release|Any CPU
	EndGlobalSection
	GlobalSection(SolutionProperties) = preSolution
		HideSolutionNode = FALSE
	EndGlobalSection
	GlobalSection(ExtensibilityGlobals) = postSolution
		SolutionGuid = {6095E6DD-1B87-4721-82F4-A085E6D557C5}
	EndGlobalSection
EndGlobal
